<?xml version="1.0" encoding="utf-8"?>
<Project ToolsVersion="4.0" xmlns="http://schemas.microsoft.com/developer/msbuild/2003">
  <ItemGroup>
    <Filter Include="源文件">
      <UniqueIdentifier>{4FC737F1-C7A5-4376-A066-2A32D752A2FF}</UniqueIdentifier>
      <Extensions>cpp;c;cc;cxx;def;odl;idl;hpj;bat;asm;asmx</Extensions>
    </Filter>
    <Filter Include="头文件">
      <UniqueIdentifier>{93995380-89BD-4b04-88EB-625FBE52EBFB}</UniqueIdentifier>
      <Extensions>h;hh;hpp;hxx;hm;inl;inc;xsd</Extensions>
    </Filter>
    <Filter Include="资源文件">
      <UniqueIdentifier>{67DA6AB6-F800-4c08-8B7A-83BB121AAD01}</UniqueIdentifier>
      <Extensions>rc;ico;cur;bmp;dlg;rc2;rct;bin;rgs;gif;jpg;jpeg;jpe;resx;tiff;tif;png;wav;mfcribbon-ms</Extensions>
    </Filter>
  </ItemGroup>
  <ItemGroup>
    <Text Include="ReadMe.txt" />
  </ItemGroup>
  <ItemGroup>
    <ClInclude Include="stdafx.h">
      <Filter>头文件</Filter>
    </ClInclude>
    <ClInclude Include="targetver.h">
      <Filter>头文件</Filter>
    </ClInclude>
  </ItemGroup>
  <ItemGroup>
    <ClCompile Include="stdafx.cpp">
      <Filter>源文件</Filter>
    </ClCompile>
    <ClCompile Include="leetcode.cpp">
      <Filter>源文件</Filter>
    </ClCompile>
    <ClCompile Include="26. Remove Duplicates from Sorted Array.cpp">
      <Filter>源文件</Filter>
    </ClCompile>
    <ClCompile Include="80. Remove Duplicates from Sorted Array II.cpp">
      <Filter>源文件</Filter>
    </ClCompile>
    <ClCompile Include="33. Search in Rotated Sorted Array.cpp">
      <Filter>源文件</Filter>
    </ClCompile>
    <ClCompile Include="81. Search in Rotated Sorted Array II.cpp">
      <Filter>源文件</Filter>
    </ClCompile>
    <ClCompile Include="1. Two Sum.cpp">
      <Filter>源文件</Filter>
    </ClCompile>
    <ClCompile Include="15.3Sum.cpp">
      <Filter>源文件</Filter>
    </ClCompile>
    <ClCompile Include="16. 3Sum Closest.cpp">
      <Filter>源文件</Filter>
    </ClCompile>
    <ClCompile Include="18. 4Sum.cpp">
      <Filter>源文件</Filter>
    </ClCompile>
    <ClCompile Include="31.Next Permutation.cpp">
      <Filter>源文件</Filter>
    </ClCompile>
    <ClCompile Include="60. Permutation Sequence.cpp">
      <Filter>源文件</Filter>
    </ClCompile>
    <ClCompile Include="46. Permutations.cpp">
      <Filter>源文件</Filter>
    </ClCompile>
    <ClCompile Include="36. Valid Sudoku.cpp">
      <Filter>源文件</Filter>
    </ClCompile>
    <ClCompile Include="48. Rotate Image.cpp">
      <Filter>源文件</Filter>
    </ClCompile>
    <ClCompile Include="66. Plus One.cpp">
      <Filter>源文件</Filter>
    </ClCompile>
    <ClCompile Include="70. Climbing Stairs.cpp">
      <Filter>源文件</Filter>
    </ClCompile>
    <ClCompile Include="89. Gray Code.cpp">
      <Filter>源文件</Filter>
    </ClCompile>
    <ClCompile Include="73. Set Matrix Zeroes.cpp">
      <Filter>源文件</Filter>
    </ClCompile>
    <ClCompile Include="134. Gas Station.cpp">
      <Filter>源文件</Filter>
    </ClCompile>
    <ClCompile Include="136. Single Number.cpp">
      <Filter>源文件</Filter>
    </ClCompile>
    <ClCompile Include="137. Single Number II.cpp">
      <Filter>源文件</Filter>
    </ClCompile>
    <ClCompile Include="2. Add Two Numbers.cpp">
      <Filter>源文件</Filter>
    </ClCompile>
    <ClCompile Include="92. Reverse Linked List II.cpp">
      <Filter>源文件</Filter>
    </ClCompile>
    <ClCompile Include="86. Partition List.cpp">
      <Filter>源文件</Filter>
    </ClCompile>
    <ClCompile Include="83. Remove Duplicates from Sorted List.cpp">
      <Filter>源文件</Filter>
    </ClCompile>
    <ClCompile Include="82. Remove Duplicates from Sorted List II.cpp">
      <Filter>源文件</Filter>
    </ClCompile>
    <ClCompile Include="61. Rotate List.cpp">
      <Filter>源文件</Filter>
    </ClCompile>
    <ClCompile Include="19. Remove Nth Node From End of List.cpp">
      <Filter>源文件</Filter>
    </ClCompile>
    <ClCompile Include="24. Swap Nodes in Pairs.cpp">
      <Filter>源文件</Filter>
    </ClCompile>
    <ClCompile Include="138. Copy List with Random Pointer.cpp">
      <Filter>源文件</Filter>
    </ClCompile>
    <ClCompile Include="141. Linked List Cycle.cpp">
      <Filter>源文件</Filter>
    </ClCompile>
    <ClCompile Include="142. Linked List Cycle II.cpp">
      <Filter>源文件</Filter>
    </ClCompile>
    <ClCompile Include="143. Reorder List.cpp">
      <Filter>源文件</Filter>
    </ClCompile>
    <ClCompile Include="125. Valid Palindrome.cpp">
      <Filter>源文件</Filter>
    </ClCompile>
    <ClCompile Include="28. Implement strStr().cpp">
      <Filter>源文件</Filter>
    </ClCompile>
    <ClCompile Include="8. String to Integer (atoi).cpp">
      <Filter>源文件</Filter>
    </ClCompile>
    <ClCompile Include="67. Add Binary.cpp">
      <Filter>源文件</Filter>
    </ClCompile>
    <ClCompile Include="14. Longest Common Prefix.cpp">
      <Filter>源文件</Filter>
    </ClCompile>
    <ClCompile Include="12. Integer to Roman.cpp">
      <Filter>源文件</Filter>
    </ClCompile>
    <ClCompile Include="13. Roman to Integer.cpp">
      <Filter>源文件</Filter>
    </ClCompile>
    <ClCompile Include="38. Count and Say.cpp">
      <Filter>源文件</Filter>
    </ClCompile>
    <ClCompile Include="49. Group Anagrams.cpp">
      <Filter>源文件</Filter>
    </ClCompile>
    <ClCompile Include="71. Simplify Path.cpp">
      <Filter>源文件</Filter>
    </ClCompile>
    <ClCompile Include="58. Length of Last Word.cpp">
      <Filter>源文件</Filter>
    </ClCompile>
    <ClCompile Include="20. Valid Parentheses.cpp">
      <Filter>源文件</Filter>
    </ClCompile>
    <ClCompile Include="150. Evaluate Reverse Polish Notation.cpp">
      <Filter>源文件</Filter>
    </ClCompile>
    <ClCompile Include="144. Binary Tree Preorder Traversal.cpp">
      <Filter>源文件</Filter>
    </ClCompile>
    <ClCompile Include="94. Binary Tree Inorder Traversal.cpp">
      <Filter>源文件</Filter>
    </ClCompile>
    <ClCompile Include="107. Binary Tree Level Order Traversal II.cpp">
      <Filter>源文件</Filter>
    </ClCompile>
    <ClCompile Include="103. Binary Tree Zigzag Level Order Traversal.cpp">
      <Filter>源文件</Filter>
    </ClCompile>
    <ClCompile Include="102. Binary Tree Level Order Traversal.cpp">
      <Filter>源文件</Filter>
    </ClCompile>
    <ClCompile Include="100. Same Tree.cpp">
      <Filter>源文件</Filter>
    </ClCompile>
  </ItemGroup>
</Project>